
Microsoft Visual Studio Solution File, Format Version 12.00
# Visual Studio Version 17
VisualStudioVersion = 17.9.34714.143
MinimumVisualStudioVersion = 10.0.40219.1
Project("{FAE04EC0-301F-11D3-BF4B-00C04F79EFBC}") = "CSC360-SB", "CSC360-SB\CSC360-SB.csproj", "{5F7D45E3-90DF-4BF0-A8E7-D32DFC35F92A}"
EndProject
Global
	GlobalSection(SolutionConfigurationPlatforms) = preSolution
		Debug|Any CPU = Debug|Any CPU
		Release|Any CPU = Release|Any CPU
	EndGlobalSection
	GlobalSection(ProjectConfigurationPlatforms) = postSolution
		{5F7D45E3-90DF-4BF0-A8E7-D32DFC35F92A}.Debug|Any CPU.ActiveCfg = Debug|Any CPU
		{5F7D45E3-90DF-4BF0-A8E7-D32DFC35F92A}.Debug|Any CPU.Build.0 = Debug|Any CPU
		{5F7D45E3-90DF-4BF0-A8E7-D32DFC35F92A}.Release|Any CPU.ActiveCfg = Release|Any CPU
		{5F7D45E3-90DF-4BF0-A8E7-D32DFC35F92A}.Release|Any CPU.Build.0 = Release|Any CPU
	EndGlobalSection
	GlobalSection(SolutionProperties) = preSolution
		HideSolutionNode = FALSE
	EndGlobalSection
	GlobalSection(ExtensibilityGlobals) = postSolution
		SolutionGuid = {B447C41A-1E36-4B2D-B5E2-DDCDBF0494E9}
	EndGlobalSection
EndGlobal
